
Microsoft Visual Studio Solution File, Format Version 12.00
# Visual Studio 2013
VisualStudioVersion = 12.0.21005.1
MinimumVisualStudioVersion = 10.0.40219.1
Project("{FAE04EC0-301F-11D3-BF4B-00C04F79EFBC}") = "DNSChanger", "DNSChanger\DNSChanger.csproj", "{F94E6ECC-965C-4AE6-8CF1-F479A39300E2}"
EndProject
Project("{FAE04EC0-301F-11D3-BF4B-00C04F79EFBC}") = "AeroToggle", "AeroToggle\AeroToggle.csproj", "{74130DD8-2C3E-4420-93FF-BEF5F7B8F2F8}"
EndProject
Global
	GlobalSection(SolutionConfigurationPlatforms) = preSolution
		Debug|Any CPU = Debug|Any CPU
		Release|Any CPU = Release|Any CPU
	EndGlobalSection
	GlobalSection(ProjectConfigurationPlatforms) = postSolution
		{F94E6ECC-965C-4AE6-8CF1-F479A39300E2}.Debug|Any CPU.ActiveCfg = Debug|Any CPU
		{F94E6ECC-965C-4AE6-8CF1-F479A39300E2}.Debug|Any CPU.Build.0 = Debug|Any CPU
		{F94E6ECC-965C-4AE6-8CF1-F479A39300E2}.Release|Any CPU.ActiveCfg = Release|Any CPU
		{F94E6ECC-965C-4AE6-8CF1-F479A39300E2}.Release|Any CPU.Build.0 = Release|Any CPU
		{74130DD8-2C3E-4420-93FF-BEF5F7B8F2F8}.Debug|Any CPU.ActiveCfg = Debug|Any CPU
		{74130DD8-2C3E-4420-93FF-BEF5F7B8F2F8}.Debug|Any CPU.Build.0 = Debug|Any CPU
		{74130DD8-2C3E-4420-93FF-BEF5F7B8F2F8}.Release|Any CPU.ActiveCfg = Release|Any CPU
		{74130DD8-2C3E-4420-93FF-BEF5F7B8F2F8}.Release|Any CPU.Build.0 = Release|Any CPU
	EndGlobalSection
	GlobalSection(SolutionProperties) = preSolution
		HideSolutionNode = FALSE
	EndGlobalSection
EndGlobal
